{
    "name": "your-project-name",
    "version": "1.0.0",
    "lockfileVersion": 3,
    "requires": true,
    "packages": {
        "": {
            "name": "your-project-name",
            "version": "1.0.0",
            "dependencies": {
                "your-project-name": "file:"
            }
        },
        "node_modules/your-project-name": {
            "resolved": "",
            "link": true
        }
    }
}
